github.com/tom2almighty/hugo-narrow v1.3.0 h1:wwKE6IY+GRSW28d0Sw7MGk24mPPQlGvQvoRRYZW2Jc8=
github.com/tom2almighty/hugo-narrow v1.3.0/go.mod h1:YvHbIcF9m4GNhyFZdMpbc7SsHTrbVAWd2g0F/dHs6d4=
github.com/tom2almighty/hugo-narrow v1.3.1 h1:pEsdJcGfyokG2Y4g8Nhj8dGH/sO8SHnyTNEOICUvRVI=
github.com/tom2almighty/hugo-narrow v1.3.1/go.mod h1:YvHbIcF9m4GNhyFZdMpbc7SsHTrbVAWd2g0F/dHs6d4=
github.com/tom2almighty/hugo-narrow v1.3.2 h1:iwJ00URlcx8P9JuCIyAvGUZW8QG73X36ZDzJwWqPqXQ=
github.com/tom2almighty/hugo-narrow v1.3.2/go.mod h1:YvHbIcF9m4GNhyFZdMpbc7SsHTrbVAWd2g0F/dHs6d4=
github.com/tom2almighty/hugo-narrow v1.3.5 h1:CUw+fwaXKTFR2YyG6iA4v2+5EW764F4Y+6wQODqxSQo=
github.com/tom2almighty/hugo-narrow v1.3.5/go.mod h1:YvHbIcF9m4GNhyFZdMpbc7SsHTrbVAWd2g0F/dHs6d4=
